
Microsoft Visual Studio Solution File, Format Version 12.00
# Visual Studio Version 17
VisualStudioVersion = 17.1.32414.318
MinimumVisualStudioVersion = 10.0.40219.1
Project("{9A19103F-16F7-4668-BE54-9A1E7A4F7556}") = "02_Guess_the_number", "WinFormsApp2\02_Guess_the_number.csproj", "{154343E5-698A-4248-9A85-0DBB1BCDEF77}"
EndProject
Global
	GlobalSection(SolutionConfigurationPlatforms) = preSolution
		Debug|Any CPU = Debug|Any CPU
		Release|Any CPU = Release|Any CPU
	EndGlobalSection
	GlobalSection(ProjectConfigurationPlatforms) = postSolution
		{154343E5-698A-4248-9A85-0DBB1BCDEF77}.Debug|Any CPU.ActiveCfg = Debug|Any CPU
		{154343E5-698A-4248-9A85-0DBB1BCDEF77}.Debug|Any CPU.Build.0 = Debug|Any CPU
		{154343E5-698A-4248-9A85-0DBB1BCDEF77}.Release|Any CPU.ActiveCfg = Release|Any CPU
		{154343E5-698A-4248-9A85-0DBB1BCDEF77}.Release|Any CPU.Build.0 = Release|Any CPU
	EndGlobalSection
	GlobalSection(SolutionProperties) = preSolution
		HideSolutionNode = FALSE
	EndGlobalSection
	GlobalSection(ExtensibilityGlobals) = postSolution
		SolutionGuid = {20F00CAE-9135-4F71-A38C-3E9AA12A50B9}
	EndGlobalSection
EndGlobal
